// !$*UTF8*$!
{
	archiveVersion = 1;
	classes = {
	};
	objectVersion = 56;
	objects = {

/* Begin PBXBuildFile section */
		B3FC400C2B716E8800A9989E /* Smart_Home_UIApp.swift in Sources */ = {isa = PBXBuildFile; fileRef = B3FC400B2B716E8800A9989E /* Smart_Home_UIApp.swift */; };
		B3FC400E2B716E8800A9989E /* ContentView.swift in Sources */ = {isa = PBXBuildFile; fileRef = B3FC400D2B716E8800A9989E /* ContentView.swift */; };
		B3FC40102B716E8900A9989E /* Assets.xcassets in Resources */ = {isa = PBXBuildFile; fileRef = B3FC400F2B716E8900A9989E /* Assets.xcassets */; };
		B3FC40132B716E8900A9989E /* Preview Assets.xcassets in Resources */ = {isa = PBXBuildFile; fileRef = B3FC40122B716E8900A9989E /* Preview Assets.xcassets */; };
		B3FC401A2B71788300A9989E /* AnimatedBackground.swift in Sources */ = {isa = PBXBuildFile; fileRef = B3FC40192B71788300A9989E /* AnimatedBackground.swift */; };
		B3FC401C2B71807C00A9989E /* DeviceMenuView.swift in Sources */ = {isa = PBXBuildFile; fileRef = B3FC401B2B71807C00A9989E /* DeviceMenuView.swift */; };
		B3FC401E2B7182B900A9989E /* TemperatureControlSliderView.swift in Sources */ = {isa = PBXBuildFile; fileRef = B3FC401D2B7182B900A9989E /* TemperatureControlSliderView.swift */; };
/* End PBXBuildFile section */

/* Begin PBXFileReference section */
		B3FC40082B716E8800A9989E /* Smart Home UI.app */ = {isa = PBXFileReference; explicitFileType = wrapper.application; includeInIndex = 0; path = "Smart Home UI.app"; sourceTree = BUILT_PRODUCTS_DIR; };
		B3FC400B2B716E8800A9989E /* Smart_Home_UIApp.swift */ = {isa = PBXFileReference; lastKnownFileType = sourcecode.swift; path = Smart_Home_UIApp.swift; sourceTree = "<group>"; };
		B3FC400D2B716E8800A9989E /* ContentView.swift */ = {isa = PBXFileReference; lastKnownFileType = sourcecode.swift; path = ContentView.swift; sourceTree = "<group>"; };
		B3FC400F2B716E8900A9989E /* Assets.xcassets */ = {isa = PBXFileReference; lastKnownFileType = folder.assetcatalog; path = Assets.xcassets; sourceTree = "<group>"; };
		B3FC40122B716E8900A9989E /* Preview Assets.xcassets */ = {isa = PBXFileReference; lastKnownFileType = folder.assetcatalog; path = "Preview Assets.xcassets"; sourceTree = "<group>"; };
		B3FC40192B71788300A9989E /* AnimatedBackground.swift */ = {isa = PBXFileReference; lastKnownFileType = sourcecode.swift; path = AnimatedBackground.swift; sourceTree = "<group>"; };
		B3FC401B2B71807C00A9989E /* DeviceMenuView.swift */ = {isa = PBXFileReference; lastKnownFileType = sourcecode.swift; path = DeviceMenuView.swift; sourceTree = "<group>"; };
		B3FC401D2B7182B900A9989E /* TemperatureControlSliderView.swift */ = {isa = PBXFileReference; lastKnownFileType = sourcecode.swift; path = TemperatureControlSliderView.swift; sourceTree = "<group>"; };
/* End PBXFileReference section */

/* Begin PBXFrameworksBuildPhase section */
		B3FC40052B716E8800A9989E /* Frameworks */ = {
			isa = PBXFrameworksBuildPhase;
			buildActionMask = 2147483647;
			files = (
			);
			runOnlyForDeploymentPostprocessing = 0;
		};
/* End PBXFrameworksBuildPhase section */

/* Begin PBXGroup section */
		B3FC3FFF2B716E8800A9989E = {
			isa = PBXGroup;
			children = (
				B3FC400A2B716E8800A9989E /* Smart Home UI */,
				B3FC40092B716E8800A9989E /* Products */,
			);
			sourceTree = "<group>";
		};
		B3FC40092B716E8800A9989E /* Products */ = {
			isa = PBXGroup;
			children = (
				B3FC40082B716E8800A9989E /* Smart Home UI.app */,
			);
			name = Products;
			sourceTree = "<group>";
		};
		B3FC400A2B716E8800A9989E /* Smart Home UI */ = {
			isa = PBXGroup;
			children = (
				B3FC401F2B7182BD00A9989E /* Views */,
				B3FC400B2B716E8800A9989E /* Smart_Home_UIApp.swift */,
				B3FC400D2B716E8800A9989E /* ContentView.swift */,
				B3FC400F2B716E8900A9989E /* Assets.xcassets */,
				B3FC40112B716E8900A9989E /* Preview Content */,
			);
			path = "Smart Home UI";
			sourceTree = "<group>";
		};
		B3FC40112B716E8900A9989E /* Preview Content */ = {
			isa = PBXGroup;
			children = (
				B3FC40122B716E8900A9989E /* Preview Assets.xcassets */,
			);
			path = "Preview Content";
			sourceTree = "<group>";
		};
		B3FC401F2B7182BD00A9989E /* Views */ = {
			isa = PBXGroup;
			children = (
				B3FC40192B71788300A9989E /* AnimatedBackground.swift */,
				B3FC401B2B71807C00A9989E /* DeviceMenuView.swift */,
				B3FC401D2B7182B900A9989E /* TemperatureControlSliderView.swift */,
			);
			path = Views;
			sourceTree = "<group>";
		};
/* End PBXGroup section */

/* Begin PBXNativeTarget section */
		B3FC40072B716E8800A9989E /* Smart Home UI */ = {
			isa = PBXNativeTarget;
			buildConfigurationList = B3FC40162B716E8900A9989E /* Build configuration list for PBXNativeTarget "Smart Home UI" */;
			buildPhases = (
				B3FC40042B716E8800A9989E /* Sources */,
				B3FC40052B716E8800A9989E /* Frameworks */,
				B3FC40062B716E8800A9989E /* Resources */,
			);
			buildRules = (
			);
			dependencies = (
			);
			name = "Smart Home UI";
			productName = "Smart Home UI";
			productReference = B3FC40082B716E8800A9989E /* Smart Home UI.app */;
			productType = "com.apple.product-type.application";
		};
/* End PBXNativeTarget section */

/* Begin PBXProject section */
		B3FC40002B716E8800A9989E /* Project object */ = {
			isa = PBXProject;
			attributes = {
				BuildIndependentTargetsInParallel = 1;
				LastSwiftUpdateCheck = 1520;
				LastUpgradeCheck = 1520;
				TargetAttributes = {
					B3FC40072B716E8800A9989E = {
						CreatedOnToolsVersion = 15.2;
					};
				};
			};
			buildConfigurationList = B3FC40032B716E8800A9989E /* Build configuration list for PBXProject "Smart Home UI" */;
			compatibilityVersion = "Xcode 14.0";
			developmentRegion = en;
			hasScannedForEncodings = 0;
			knownRegions = (
				en,
				Base,
			);
			mainGroup = B3FC3FFF2B716E8800A9989E;
			productRefGroup = B3FC40092B716E8800A9989E /* Products */;
			projectDirPath = "";
			projectRoot = "";
			targets = (
				B3FC40072B716E8800A9989E /* Smart Home UI */,
			);
		};
/* End PBXProject section */

/* Begin PBXResourcesBuildPhase section */
		B3FC40062B716E8800A9989E /* Resources */ = {
			isa = PBXResourcesBuildPhase;
			buildActionMask = 2147483647;
			files = (
				B3FC40132B716E8900A9989E /* Preview Assets.xcassets in Resources */,
				B3FC40102B716E8900A9989E /* Assets.xcassets in Resources */,
			);
			runOnlyForDeploymentPostprocessing = 0;
		};
/* End PBXResourcesBuildPhase section */

/* Begin PBXSourcesBuildPhase section */
		B3FC40042B716E8800A9989E /* Sources */ = {
			isa = PBXSourcesBuildPhase;
			buildActionMask = 2147483647;
			files = (
				B3FC400E2B716E8800A9989E /* ContentView.swift in Sources */,
				B3FC401E2B7182B900A9989E /* TemperatureControlSliderView.swift in Sources */,
				B3FC401A2B71788300A9989E /* AnimatedBackground.swift in Sources */,
				B3FC400C2B716E8800A9989E /* Smart_Home_UIApp.swift in Sources */,
				B3FC401C2B71807C00A9989E /* DeviceMenuView.swift in Sources */,
			);
			runOnlyForDeploymentPostprocessing = 0;
		};
/* End PBXSourcesBuildPhase section */

/* Begin XCBuildConfiguration section */
		B3FC40142B716E8900A9989E /* Debug */ = {
			isa = XCBuildConfiguration;
			buildSettings = {
				ALWAYS_SEARCH_USER_PATHS = NO;
				ASSETCATALOG_COMPILER_GENERATE_SWIFT_ASSET_SYMBOL_EXTENSIONS = YES;
				CLANG_ANALYZER_NONNULL = YES;
				CLANG_ANALYZER_NUMBER_OBJECT_CONVERSION = YES_AGGRESSIVE;
				CLANG_CXX_LANGUAGE_STANDARD = "gnu++20";
				CLANG_ENABLE_MODULES = YES;
				CLANG_ENABLE_OBJC_ARC = YES;
				CLANG_ENABLE_OBJC_WEAK = YES;
				CLANG_WARN_BLOCK_CAPTURE_AUTORELEASING = YES;
				CLANG_WARN_BOOL_CONVERSION = YES;
				CLANG_WARN_COMMA = YES;
				CLANG_WARN_CONSTANT_CONVERSION = YES;
				CLANG_WARN_DEPRECATED_OBJC_IMPLEMENTATIONS = YES;
				CLANG_WARN_DIRECT_OBJC_ISA_USAGE = YES_ERROR;
				CLANG_WARN_DOCUMENTATION_COMMENTS = YES;
				CLANG_WARN_EMPTY_BODY = YES;
				CLANG_WARN_ENUM_CONVERSION = YES;
				CLANG_WARN_INFINITE_RECURSION = YES;
				CLANG_WARN_INT_CONVERSION = YES;
				CLANG_WARN_NON_LITERAL_NULL_CONVERSION = YES;
				CLANG_WARN_OBJC_IMPLICIT_RETAIN_SELF = YES;
				CLANG_WARN_OBJC_LITERAL_CONVERSION = YES;
				CLANG_WARN_OBJC_ROOT_CLASS = YES_ERROR;
				CLANG_WARN_QUOTED_INCLUDE_IN_FRAMEWORK_HEADER = YES;
				CLANG_WARN_RANGE_LOOP_ANALYSIS = YES;
				CLANG_WARN_STRICT_PROTOTYPES = YES;
				CLANG_WARN_SUSPICIOUS_MOVE = YES;
				CLANG_WARN_UNGUARDED_AVAILABILITY = YES_AGGRESSIVE;
				CLANG_WARN_UNREACHABLE_CODE = YES;
				CLANG_WARN__DUPLICATE_METHOD_MATCH = YES;
				COPY_PHASE_STRIP = NO;
				DEBUG_INFORMATION_FORMAT = dwarf;
				ENABLE_STRICT_OBJC_MSGSEND = YES;
				ENABLE_TESTABILITY = YES;
				ENABLE_USER_SCRIPT_SANDBOXING = YES;
				GCC_C_LANGUAGE_STANDARD = gnu17;
				GCC_DYNAMIC_NO_PIC = NO;
				GCC_NO_COMMON_BLOCKS = YES;
				GCC_OPTIMIZATION_LEVEL = 0;
				GCC_PREPROCESSOR_DEFINITIONS = (
					"DEBUG=1",
					"$(inherited)",
				);
				GCC_WARN_64_TO_32_BIT_CONVERSION = YES;
				GCC_WARN_ABOUT_RETURN_TYPE = YES_ERROR;
				GCC_WARN_UNDECLARED_SELECTOR = YES;
				GCC_WARN_UNINITIALIZED_AUTOS = YES_AGGRESSIVE;
				GCC_WARN_UNUSED_FUNCTION = YES;
				GCC_WARN_UNUSED_VARIABLE = YES;
				IPHONEOS_DEPLOYMENT_TARGET = 17.2;
				LOCALIZATION_PREFERS_STRING_CATALOGS = YES;
				MTL_ENABLE_DEBUG_INFO = INCLUDE_SOURCE;
				MTL_FAST_MATH = YES;
				ONLY_ACTIVE_ARCH = YES;
				SDKROOT = iphoneos;
				SWIFT_ACTIVE_COMPILATION_CONDITIONS = "DEBUG $(inherited)";
				SWIFT_OPTIMIZATION_LEVEL = "-Onone";
			};
			name = Debug;
		};
		B3FC40152B716E8900A9989E /* Release */ = {
			isa = XCBuildConfiguration;
			buildSettings = {
				ALWAYS_SEARCH_USER_PATHS = NO;
				ASSETCATALOG_COMPILER_GENERATE_SWIFT_ASSET_SYMBOL_EXTENSIONS = YES;
				CLANG_ANALYZER_NONNULL = YES;
				CLANG_ANALYZER_NUMBER_OBJECT_CONVERSION = YES_AGGRESSIVE;
				CLANG_CXX_LANGUAGE_STANDARD = "gnu++20";
				CLANG_ENABLE_MODULES = YES;
				CLANG_ENABLE_OBJC_ARC = YES;
				CLANG_ENABLE_OBJC_WEAK = YES;
				CLANG_WARN_BLOCK_CAPTURE_AUTORELEASING = YES;
				CLANG_WARN_BOOL_CONVERSION = YES;
				CLANG_WARN_COMMA = YES;
				CLANG_WARN_CONSTANT_CONVERSION = YES;
				CLANG_WARN_DEPRECATED_OBJC_IMPLEMENTATIONS = YES;
				CLANG_WARN_DIRECT_OBJC_ISA_USAGE = YES_ERROR;
				CLANG_WARN_DOCUMENTATION_COMMENTS = YES;
				CLANG_WARN_EMPTY_BODY = YES;
				CLANG_WARN_ENUM_CONVERSION = YES;
				CLANG_WARN_INFINITE_RECURSION = YES;
				CLANG_WARN_INT_CONVERSION = YES;
				CLANG_WARN_NON_LITERAL_NULL_CONVERSION = YES;
				CLANG_WARN_OBJC_IMPLICIT_RETAIN_SELF = YES;
				CLANG_WARN_OBJC_LITERAL_CONVERSION = YES;
				CLANG_WARN_OBJC_ROOT_CLASS = YES_ERROR;
				CLANG_WARN_QUOTED_INCLUDE_IN_FRAMEWORK_HEADER = YES;
				CLANG_WARN_RANGE_LOOP_ANALYSIS = YES;
				CLANG_WARN_STRICT_PROTOTYPES = YES;
				CLANG_WARN_SUSPICIOUS_MOVE = YES;
				CLANG_WARN_UNGUARDED_AVAILABILITY = YES_AGGRESSIVE;
				CLANG_WARN_UNREACHABLE_CODE = YES;
				CLANG_WARN__DUPLICATE_METHOD_MATCH = YES;
				COPY_PHASE_STRIP = NO;
				DEBUG_INFORMATION_FORMAT = "dwarf-with-dsym";
				ENABLE_NS_ASSERTIONS = NO;
				ENABLE_STRICT_OBJC_MSGSEND = YES;
				ENABLE_USER_SCRIPT_SANDBOXING = YES;
				GCC_C_LANGUAGE_STANDARD = gnu17;
				GCC_NO_COMMON_BLOCKS = YES;
				GCC_WARN_64_TO_32_BIT_CONVERSION = YES;
				GCC_WARN_ABOUT_RETURN_TYPE = YES_ERROR;
				GCC_WARN_UNDECLARED_SELECTOR = YES;
				GCC_WARN_UNINITIALIZED_AUTOS = YES_AGGRESSIVE;
				GCC_WARN_UNUSED_FUNCTION = YES;
				GCC_WARN_UNUSED_VARIABLE = YES;
				IPHONEOS_DEPLOYMENT_TARGET = 17.2;
				LOCALIZATION_PREFERS_STRING_CATALOGS = YES;
				MTL_ENABLE_DEBUG_INFO = NO;
				MTL_FAST_MATH = YES;
				SDKROOT = iphoneos;
				SWIFT_COMPILATION_MODE = wholemodule;
				VALIDATE_PRODUCT = YES;
			};
			name = Release;
		};
		B3FC40172B716E8900A9989E /* Debug */ = {
			isa = XCBuildConfiguration;
			buildSettings = {
				ASSETCATALOG_COMPILER_APPICON_NAME = AppIcon;
				ASSETCATALOG_COMPILER_GLOBAL_ACCENT_COLOR_NAME = AccentColor;
				CODE_SIGN_STYLE = Automatic;
				CURRENT_PROJECT_VERSION = 1;
				DEVELOPMENT_ASSET_PATHS = "\"Smart Home UI/Preview Content\"";
				DEVELOPMENT_TEAM = X55J2Y6PFY;
				ENABLE_PREVIEWS = YES;
				GENERATE_INFOPLIST_FILE = YES;
				INFOPLIST_KEY_UIApplicationSceneManifest_Generation = YES;
				INFOPLIST_KEY_UIApplicationSupportsIndirectInputEvents = YES;
				INFOPLIST_KEY_UILaunchScreen_Generation = YES;
				INFOPLIST_KEY_UISupportedInterfaceOrientations_iPad = "UIInterfaceOrientationPortrait UIInterfaceOrientationPortraitUpsideDown UIInterfaceOrientationLandscapeLeft UIInterfaceOrientationLandscapeRight";
				INFOPLIST_KEY_UISupportedInterfaceOrientations_iPhone = "UIInterfaceOrientationPortrait UIInterfaceOrientationLandscapeLeft UIInterfaceOrientationLandscapeRight";
				LD_RUNPATH_SEARCH_PATHS = (
					"$(inherited)",
					"@executable_path/Frameworks",
				);
				MARKETING_VERSION = 1.0;
				PRODUCT_BUNDLE_IDENTIFIER = "nic00la1.Smart-Home-UI";
				PRODUCT_NAME = "$(TARGET_NAME)";
				SWIFT_EMIT_LOC_STRINGS = YES;
				SWIFT_VERSION = 5.0;
				TARGETED_DEVICE_FAMILY = "1,2";
			};
			name = Debug;
		};
		B3FC40182B716E8900A9989E /* Release */ = {
			isa = XCBuildConfiguration;
			buildSettings = {
				ASSETCATALOG_COMPILER_APPICON_NAME = AppIcon;
				ASSETCATALOG_COMPILER_GLOBAL_ACCENT_COLOR_NAME = AccentColor;
				CODE_SIGN_STYLE = Automatic;
				CURRENT_PROJECT_VERSION = 1;
				DEVELOPMENT_ASSET_PATHS = "\"Smart Home UI/Preview Content\"";
				DEVELOPMENT_TEAM = X55J2Y6PFY;
				ENABLE_PREVIEWS = YES;
				GENERATE_INFOPLIST_FILE = YES;
				INFOPLIST_KEY_UIApplicationSceneManifest_Generation = YES;
				INFOPLIST_KEY_UIApplicationSupportsIndirectInputEvents = YES;
				INFOPLIST_KEY_UILaunchScreen_Generation = YES;
				INFOPLIST_KEY_UISupportedInterfaceOrientations_iPad = "UIInterfaceOrientationPortrait UIInterfaceOrientationPortraitUpsideDown UIInterfaceOrientationLandscapeLeft UIInterfaceOrientationLandscapeRight";
				INFOPLIST_KEY_UISupportedInterfaceOrientations_iPhone = "UIInterfaceOrientationPortrait UIInterfaceOrientationLandscapeLeft UIInterfaceOrientationLandscapeRight";
				LD_RUNPATH_SEARCH_PATHS = (
					"$(inherited)",
					"@executable_path/Frameworks",
				);
				MARKETING_VERSION = 1.0;
				PRODUCT_BUNDLE_IDENTIFIER = "nic00la1.Smart-Home-UI";
				PRODUCT_NAME = "$(TARGET_NAME)";
				SWIFT_EMIT_LOC_STRINGS = YES;
				SWIFT_VERSION = 5.0;
				TARGETED_DEVICE_FAMILY = "1,2";
			};
			name = Release;
		};
/* End XCBuildConfiguration section */

/* Begin XCConfigurationList section */
		B3FC40032B716E8800A9989E /* Build configuration list for PBXProject "Smart Home UI" */ = {
			isa = XCConfigurationList;
			buildConfigurations = (
				B3FC40142B716E8900A9989E /* Debug */,
				B3FC40152B716E8900A9989E /* Release */,
			);
			defaultConfigurationIsVisible = 0;
			defaultConfigurationName = Release;
		};
		B3FC40162B716E8900A9989E /* Build configuration list for PBXNativeTarget "Smart Home UI" */ = {
			isa = XCConfigurationList;
			buildConfigurations = (
				B3FC40172B716E8900A9989E /* Debug */,
				B3FC40182B716E8900A9989E /* Release */,
			);
			defaultConfigurationIsVisible = 0;
			defaultConfigurationName = Release;
		};
/* End XCConfigurationList section */
	};
	rootObject = B3FC40002B716E8800A9989E /* Project object */;
}
